
Microsoft Visual Studio Solution File, Format Version 11.00
# Visual C++ Express 2010
Project("{FAE04EC0-301F-11D3-BF4B-00C04F79EFBC}") = "Cryptotest", "Cryptotest.csproj", "{534C56E8-7343-45D3-BAE3-96352AD39F3D}"
EndProject
Global
	GlobalSection(SolutionConfigurationPlatforms) = preSolution
		Debug|Any CPU = Debug|Any CPU
		Release|Any CPU = Release|Any CPU
	EndGlobalSection
	GlobalSection(ProjectConfigurationPlatforms) = postSolution
		{534C56E8-7343-45D3-BAE3-96352AD39F3D}.Debug|Any CPU.ActiveCfg = Debug|Any CPU
		{534C56E8-7343-45D3-BAE3-96352AD39F3D}.Debug|Any CPU.Build.0 = Debug|Any CPU
		{534C56E8-7343-45D3-BAE3-96352AD39F3D}.Release|Any CPU.ActiveCfg = Release|Any CPU
		{534C56E8-7343-45D3-BAE3-96352AD39F3D}.Release|Any CPU.Build.0 = Release|Any CPU
	EndGlobalSection
	GlobalSection(SolutionProperties) = preSolution
		HideSolutionNode = FALSE
	EndGlobalSection
EndGlobal
